// !$*UTF8*$!
{
	archiveVersion = 1;
	classes = {
	};
	objectVersion = 46;
	objects = {

/* Begin PBXBuildFile section */
		81E766881D4FCFE700A3CE13 /* main.m in Sources */ = {isa = PBXBuildFile; fileRef = 81E766871D4FCFE700A3CE13 /* main.m */; };
		81E7668B1D4FCFE700A3CE13 /* AppDelegate.m in Sources */ = {isa = PBXBuildFile; fileRef = 81E7668A1D4FCFE700A3CE13 /* AppDelegate.m */; };
		81E7668E1D4FCFE700A3CE13 /* ViewController.m in Sources */ = {isa = PBXBuildFile; fileRef = 81E7668D1D4FCFE700A3CE13 /* ViewController.m */; };
		81E766911D4FCFE700A3CE13 /* Main.storyboard in Resources */ = {isa = PBXBuildFile; fileRef = 81E7668F1D4FCFE700A3CE13 /* Main.storyboard */; };
		81E766931D4FCFE700A3CE13 /* Assets.xcassets in Resources */ = {isa = PBXBuildFile; fileRef = 81E766921D4FCFE700A3CE13 /* Assets.xcassets */; };
		81E766961D4FCFE700A3CE13 /* LaunchScreen.storyboard in Resources */ = {isa = PBXBuildFile; fileRef = 81E766941D4FCFE700A3CE13 /* LaunchScreen.storyboard */; };
		81E7669F1D4FD07600A3CE13 /* Cook.m in Sources */ = {isa = PBXBuildFile; fileRef = 81E7669E1D4FD07600A3CE13 /* Cook.m */; };
/* End PBXBuildFile section */

/* Begin PBXFileReference section */
		81E766831D4FCFE700A3CE13 /* strategy_pattern.app */ = {isa = PBXFileReference; explicitFileType = wrapper.application; includeInIndex = 0; path = strategy_pattern.app; sourceTree = BUILT_PRODUCTS_DIR; };
		81E766871D4FCFE700A3CE13 /* main.m */ = {isa = PBXFileReference; lastKnownFileType = sourcecode.c.objc; path = main.m; sourceTree = "<group>"; };
		81E766891D4FCFE700A3CE13 /* AppDelegate.h */ = {isa = PBXFileReference; lastKnownFileType = sourcecode.c.h; path = AppDelegate.h; sourceTree = "<group>"; };
		81E7668A1D4FCFE700A3CE13 /* AppDelegate.m */ = {isa = PBXFileReference; lastKnownFileType = sourcecode.c.objc; path = AppDelegate.m; sourceTree = "<group>"; };
		81E7668C1D4FCFE700A3CE13 /* ViewController.h */ = {isa = PBXFileReference; lastKnownFileType = sourcecode.c.h; path = ViewController.h; sourceTree = "<group>"; };
		81E7668D1D4FCFE700A3CE13 /* ViewController.m */ = {isa = PBXFileReference; lastKnownFileType = sourcecode.c.objc; path = ViewController.m; sourceTree = "<group>"; };
		81E766901D4FCFE700A3CE13 /* Base */ = {isa = PBXFileReference; lastKnownFileType = file.storyboard; name = Base; path = Base.lproj/Main.storyboard; sourceTree = "<group>"; };
		81E766921D4FCFE700A3CE13 /* Assets.xcassets */ = {isa = PBXFileReference; lastKnownFileType = folder.assetcatalog; path = Assets.xcassets; sourceTree = "<group>"; };
		81E766951D4FCFE700A3CE13 /* Base */ = {isa = PBXFileReference; lastKnownFileType = file.storyboard; name = Base; path = Base.lproj/LaunchScreen.storyboard; sourceTree = "<group>"; };
		81E766971D4FCFE700A3CE13 /* Info.plist */ = {isa = PBXFileReference; lastKnownFileType = text.plist.xml; path = Info.plist; sourceTree = "<group>"; };
		81E7669E1D4FD07600A3CE13 /* Cook.m */ = {isa = PBXFileReference; fileEncoding = 4; lastKnownFileType = sourcecode.c.objc; path = Cook.m; sourceTree = "<group>"; };
		81E766A11D4FD08E00A3CE13 /* Cook.h */ = {isa = PBXFileReference; lastKnownFileType = sourcecode.c.h; path = Cook.h; sourceTree = "<group>"; };
/* End PBXFileReference section */

/* Begin PBXFrameworksBuildPhase section */
		81E766801D4FCFE700A3CE13 /* Frameworks */ = {
			isa = PBXFrameworksBuildPhase;
			buildActionMask = 2147483647;
			files = (
			);
			runOnlyForDeploymentPostprocessing = 0;
		};
/* End PBXFrameworksBuildPhase section */

/* Begin PBXGroup section */
		81E7667A1D4FCFE600A3CE13 = {
			isa = PBXGroup;
			children = (
				81E766851D4FCFE700A3CE13 /* strategy_pattern */,
				81E766841D4FCFE700A3CE13 /* Products */,
			);
			sourceTree = "<group>";
		};
		81E766841D4FCFE700A3CE13 /* Products */ = {
			isa = PBXGroup;
			children = (
				81E766831D4FCFE700A3CE13 /* strategy_pattern.app */,
			);
			name = Products;
			sourceTree = "<group>";
		};
		81E766851D4FCFE700A3CE13 /* strategy_pattern */ = {
			isa = PBXGroup;
			children = (
				81E7669D1D4FCFF300A3CE13 /* Model */,
				81E766891D4FCFE700A3CE13 /* AppDelegate.h */,
				81E7668A1D4FCFE700A3CE13 /* AppDelegate.m */,
				81E7668C1D4FCFE700A3CE13 /* ViewController.h */,
				81E7668D1D4FCFE700A3CE13 /* ViewController.m */,
				81E7668F1D4FCFE700A3CE13 /* Main.storyboard */,
				81E766921D4FCFE700A3CE13 /* Assets.xcassets */,
				81E766941D4FCFE700A3CE13 /* LaunchScreen.storyboard */,
				81E766971D4FCFE700A3CE13 /* Info.plist */,
				81E766861D4FCFE700A3CE13 /* Supporting Files */,
			);
			path = strategy_pattern;
			sourceTree = "<group>";
		};
		81E766861D4FCFE700A3CE13 /* Supporting Files */ = {
			isa = PBXGroup;
			children = (
				81E766871D4FCFE700A3CE13 /* main.m */,
			);
			name = "Supporting Files";
			sourceTree = "<group>";
		};
		81E7669D1D4FCFF300A3CE13 /* Model */ = {
			isa = PBXGroup;
			children = (
				81E766A11D4FD08E00A3CE13 /* Cook.h */,
				81E7669E1D4FD07600A3CE13 /* Cook.m */,
			);
			name = Model;
			sourceTree = "<group>";
		};
/* End PBXGroup section */

/* Begin PBXNativeTarget section */
		81E766821D4FCFE700A3CE13 /* strategy_pattern */ = {
			isa = PBXNativeTarget;
			buildConfigurationList = 81E7669A1D4FCFE700A3CE13 /* Build configuration list for PBXNativeTarget "strategy_pattern" */;
			buildPhases = (
				81E7667F1D4FCFE700A3CE13 /* Sources */,
				81E766801D4FCFE700A3CE13 /* Frameworks */,
				81E766811D4FCFE700A3CE13 /* Resources */,
			);
			buildRules = (
			);
			dependencies = (
			);
			name = strategy_pattern;
			productName = strategy_pattern;
			productReference = 81E766831D4FCFE700A3CE13 /* strategy_pattern.app */;
			productType = "com.apple.product-type.application";
		};
/* End PBXNativeTarget section */

/* Begin PBXProject section */
		81E7667B1D4FCFE600A3CE13 /* Project object */ = {
			isa = PBXProject;
			attributes = {
				LastUpgradeCheck = 0730;
				ORGANIZATIONNAME = "Dmitriy Arkhipov";
				TargetAttributes = {
					81E766821D4FCFE700A3CE13 = {
						CreatedOnToolsVersion = 7.3.1;
					};
				};
			};
			buildConfigurationList = 81E7667E1D4FCFE600A3CE13 /* Build configuration list for PBXProject "strategy_pattern" */;
			compatibilityVersion = "Xcode 3.2";
			developmentRegion = English;
			hasScannedForEncodings = 0;
			knownRegions = (
				en,
				Base,
			);
			mainGroup = 81E7667A1D4FCFE600A3CE13;
			productRefGroup = 81E766841D4FCFE700A3CE13 /* Products */;
			projectDirPath = "";
			projectRoot = "";
			targets = (
				81E766821D4FCFE700A3CE13 /* strategy_pattern */,
			);
		};
/* End PBXProject section */

/* Begin PBXResourcesBuildPhase section */
		81E766811D4FCFE700A3CE13 /* Resources */ = {
			isa = PBXResourcesBuildPhase;
			buildActionMask = 2147483647;
			files = (
				81E766961D4FCFE700A3CE13 /* LaunchScreen.storyboard in Resources */,
				81E766931D4FCFE700A3CE13 /* Assets.xcassets in Resources */,
				81E766911D4FCFE700A3CE13 /* Main.storyboard in Resources */,
			);
			runOnlyForDeploymentPostprocessing = 0;
		};
/* End PBXResourcesBuildPhase section */

/* Begin PBXSourcesBuildPhase section */
		81E7667F1D4FCFE700A3CE13 /* Sources */ = {
			isa = PBXSourcesBuildPhase;
			buildActionMask = 2147483647;
			files = (
				81E7668E1D4FCFE700A3CE13 /* ViewController.m in Sources */,
				81E7669F1D4FD07600A3CE13 /* Cook.m in Sources */,
				81E7668B1D4FCFE700A3CE13 /* AppDelegate.m in Sources */,
				81E766881D4FCFE700A3CE13 /* main.m in Sources */,
			);
			runOnlyForDeploymentPostprocessing = 0;
		};
/* End PBXSourcesBuildPhase section */

/* Begin PBXVariantGroup section */
		81E7668F1D4FCFE700A3CE13 /* Main.storyboard */ = {
			isa = PBXVariantGroup;
			children = (
				81E766901D4FCFE700A3CE13 /* Base */,
			);
			name = Main.storyboard;
			sourceTree = "<group>";
		};
		81E766941D4FCFE700A3CE13 /* LaunchScreen.storyboard */ = {
			isa = PBXVariantGroup;
			children = (
				81E766951D4FCFE700A3CE13 /* Base */,
			);
			name = LaunchScreen.storyboard;
			sourceTree = "<group>";
		};
/* End PBXVariantGroup section */

/* Begin XCBuildConfiguration section */
		81E766981D4FCFE700A3CE13 /* Debug */ = {
			isa = XCBuildConfiguration;
			buildSettings = {
				ALWAYS_SEARCH_USER_PATHS = NO;
				CLANG_ANALYZER_NONNULL = YES;
				CLANG_CXX_LANGUAGE_STANDARD = "gnu++0x";
				CLANG_CXX_LIBRARY = "libc++";
				CLANG_ENABLE_MODULES = YES;
				CLANG_ENABLE_OBJC_ARC = YES;
				CLANG_WARN_BOOL_CONVERSION = YES;
				CLANG_WARN_CONSTANT_CONVERSION = YES;
				CLANG_WARN_DIRECT_OBJC_ISA_USAGE = YES_ERROR;
				CLANG_WARN_EMPTY_BODY = YES;
				CLANG_WARN_ENUM_CONVERSION = YES;
				CLANG_WARN_INT_CONVERSION = YES;
				CLANG_WARN_OBJC_ROOT_CLASS = YES_ERROR;
				CLANG_WARN_UNREACHABLE_CODE = YES;
				CLANG_WARN__DUPLICATE_METHOD_MATCH = YES;
				"CODE_SIGN_IDENTITY[sdk=iphoneos*]" = "iPhone Developer";
				COPY_PHASE_STRIP = NO;
				DEBUG_INFORMATION_FORMAT = dwarf;
				ENABLE_STRICT_OBJC_MSGSEND = YES;
				ENABLE_TESTABILITY = YES;
				GCC_C_LANGUAGE_STANDARD = gnu99;
				GCC_DYNAMIC_NO_PIC = NO;
				GCC_NO_COMMON_BLOCKS = YES;
				GCC_OPTIMIZATION_LEVEL = 0;
				GCC_PREPROCESSOR_DEFINITIONS = (
					"DEBUG=1",
					"$(inherited)",
				);
				GCC_WARN_64_TO_32_BIT_CONVERSION = YES;
				GCC_WARN_ABOUT_RETURN_TYPE = YES_ERROR;
				GCC_WARN_UNDECLARED_SELECTOR = YES;
				GCC_WARN_UNINITIALIZED_AUTOS = YES_AGGRESSIVE;
				GCC_WARN_UNUSED_FUNCTION = YES;
				GCC_WARN_UNUSED_VARIABLE = YES;
				IPHONEOS_DEPLOYMENT_TARGET = 9.3;
				MTL_ENABLE_DEBUG_INFO = YES;
				ONLY_ACTIVE_ARCH = YES;
				SDKROOT = iphoneos;
				TARGETED_DEVICE_FAMILY = "1,2";
			};
			name = Debug;
		};
		81E766991D4FCFE700A3CE13 /* Release */ = {
			isa = XCBuildConfiguration;
			buildSettings = {
				ALWAYS_SEARCH_USER_PATHS = NO;
				CLANG_ANALYZER_NONNULL = YES;
				CLANG_CXX_LANGUAGE_STANDARD = "gnu++0x";
				CLANG_CXX_LIBRARY = "libc++";
				CLANG_ENABLE_MODULES = YES;
				CLANG_ENABLE_OBJC_ARC = YES;
				CLANG_WARN_BOOL_CONVERSION = YES;
				CLANG_WARN_CONSTANT_CONVERSION = YES;
				CLANG_WARN_DIRECT_OBJC_ISA_USAGE = YES_ERROR;
				CLANG_WARN_EMPTY_BODY = YES;
				CLANG_WARN_ENUM_CONVERSION = YES;
				CLANG_WARN_INT_CONVERSION = YES;
				CLANG_WARN_OBJC_ROOT_CLASS = YES_ERROR;
				CLANG_WARN_UNREACHABLE_CODE = YES;
				CLANG_WARN__DUPLICATE_METHOD_MATCH = YES;
				"CODE_SIGN_IDENTITY[sdk=iphoneos*]" = "iPhone Developer";
				COPY_PHASE_STRIP = NO;
				DEBUG_INFORMATION_FORMAT = "dwarf-with-dsym";
				ENABLE_NS_ASSERTIONS = NO;
				ENABLE_STRICT_OBJC_MSGSEND = YES;
				GCC_C_LANGUAGE_STANDARD = gnu99;
				GCC_NO_COMMON_BLOCKS = YES;
				GCC_WARN_64_TO_32_BIT_CONVERSION = YES;
				GCC_WARN_ABOUT_RETURN_TYPE = YES_ERROR;
				GCC_WARN_UNDECLARED_SELECTOR = YES;
				GCC_WARN_UNINITIALIZED_AUTOS = YES_AGGRESSIVE;
				GCC_WARN_UNUSED_FUNCTION = YES;
				GCC_WARN_UNUSED_VARIABLE = YES;
				IPHONEOS_DEPLOYMENT_TARGET = 9.3;
				MTL_ENABLE_DEBUG_INFO = NO;
				SDKROOT = iphoneos;
				TARGETED_DEVICE_FAMILY = "1,2";
				VALIDATE_PRODUCT = YES;
			};
			name = Release;
		};
		81E7669B1D4FCFE700A3CE13 /* Debug */ = {
			isa = XCBuildConfiguration;
			buildSettings = {
				ASSETCATALOG_COMPILER_APPICON_NAME = AppIcon;
				INFOPLIST_FILE = strategy_pattern/Info.plist;
				LD_RUNPATH_SEARCH_PATHS = "$(inherited) @executable_path/Frameworks";
				PRODUCT_BUNDLE_IDENTIFIER = "dmitriyarkhipov.strategy-pattern";
				PRODUCT_NAME = "$(TARGET_NAME)";
			};
			name = Debug;
		};
		81E7669C1D4FCFE700A3CE13 /* Release */ = {
			isa = XCBuildConfiguration;
			buildSettings = {
				ASSETCATALOG_COMPILER_APPICON_NAME = AppIcon;
				INFOPLIST_FILE = strategy_pattern/Info.plist;
				LD_RUNPATH_SEARCH_PATHS = "$(inherited) @executable_path/Frameworks";
				PRODUCT_BUNDLE_IDENTIFIER = "dmitriyarkhipov.strategy-pattern";
				PRODUCT_NAME = "$(TARGET_NAME)";
			};
			name = Release;
		};
/* End XCBuildConfiguration section */

/* Begin XCConfigurationList section */
		81E7667E1D4FCFE600A3CE13 /* Build configuration list for PBXProject "strategy_pattern" */ = {
			isa = XCConfigurationList;
			buildConfigurations = (
				81E766981D4FCFE700A3CE13 /* Debug */,
				81E766991D4FCFE700A3CE13 /* Release */,
			);
			defaultConfigurationIsVisible = 0;
			defaultConfigurationName = Release;
		};
		81E7669A1D4FCFE700A3CE13 /* Build configuration list for PBXNativeTarget "strategy_pattern" */ = {
			isa = XCConfigurationList;
			buildConfigurations = (
				81E7669B1D4FCFE700A3CE13 /* Debug */,
				81E7669C1D4FCFE700A3CE13 /* Release */,
			);
			defaultConfigurationIsVisible = 0;
		};
/* End XCConfigurationList section */
	};
	rootObject = 81E7667B1D4FCFE600A3CE13 /* Project object */;
}
